
Microsoft Visual Studio Solution File, Format Version 12.00
# Visual Studio Version 17
VisualStudioVersion = 17.6.33829.357
MinimumVisualStudioVersion = 10.0.40219.1
Project("{8BC9CEB8-8B4A-11D0-8D11-00A0C91BC942}") = "Boxit", "Boxit\Boxit.vcxproj", "{82767AB2-F001-4E84-A8F8-E81E15D8F282}"
EndProject
Project("{8BC9CEB8-8B4A-11D0-8D11-00A0C91BC942}") = "boxitTEST", "boxitTEST\boxitTEST.vcxproj", "{74D87A50-1450-4E3F-8703-65E1AB6627F4}"
EndProject
Project("{8BC9CEB8-8B4A-11D0-8D11-00A0C91BC942}") = "OverloadOperators", "OverloadOperators\OverloadOperators.vcxproj", "{C8AF9897-C382-47F9-ADCA-63689AFD3964}"
EndProject
Project("{8BC9CEB8-8B4A-11D0-8D11-00A0C91BC942}") = "exceptions", "exceptions\exceptions.vcxproj", "{6576AA5C-B470-4828-BE0B-0A5C70F252BF}"
EndProject
Project("{8BC9CEB8-8B4A-11D0-8D11-00A0C91BC942}") = "RetangleArea", "RetangleArea\RetangleArea.vcxproj", "{5313886A-A744-4A20-A7E1-59FCE30BC846}"
EndProject
Project("{8BC9CEB8-8B4A-11D0-8D11-00A0C91BC942}") = "Vector-Erase", "Vector-Erase\Vector-Erase.vcxproj", "{4631496B-EC5B-472E-866A-12D69C50BFCA}"
EndProject
Project("{8BC9CEB8-8B4A-11D0-8D11-00A0C91BC942}") = "Lower Bound-STL", "Lower Bound-STL\Lower Bound-STL.vcxproj", "{98686A5A-49D6-4C4E-B3AE-B431D78A1C22}"
EndProject
Project("{8BC9CEB8-8B4A-11D0-8D11-00A0C91BC942}") = "sets-stl", "sets-stl\sets-stl.vcxproj", "{877C680A-488A-4B66-BDE0-6B322B556105}"
EndProject
Project("{8BC9CEB8-8B4A-11D0-8D11-00A0C91BC942}") = "maps-stl", "maps-stl\maps-stl.vcxproj", "{EE714C3D-6113-48D7-B26A-440C86E1583D}"
EndProject
Project("{8BC9CEB8-8B4A-11D0-8D11-00A0C91BC942}") = "preprocessor", "preprocessor\preprocessor.vcxproj", "{F099EDAD-5CA1-44E4-AC50-EF9BC439699B}"
EndProject
Project("{8BC9CEB8-8B4A-11D0-8D11-00A0C91BC942}") = "classtemplates", "classtemplates\classtemplates.vcxproj", "{BC8EDDD1-7917-4737-9493-2FB2B2EE3810}"
EndProject
Project("{8BC9CEB8-8B4A-11D0-8D11-00A0C91BC942}") = "cppExceptionhandling", "cppExceptionhandling\cppExceptionhandling.vcxproj", "{2DF5429F-7E8C-48FA-A9FC-FBEF6D1D412F}"
EndProject
Global
	GlobalSection(SolutionConfigurationPlatforms) = preSolution
		Debug|x64 = Debug|x64
		Debug|x86 = Debug|x86
		Release|x64 = Release|x64
		Release|x86 = Release|x86
	EndGlobalSection
	GlobalSection(ProjectConfigurationPlatforms) = postSolution
		{82767AB2-F001-4E84-A8F8-E81E15D8F282}.Debug|x64.ActiveCfg = Debug|x64
		{82767AB2-F001-4E84-A8F8-E81E15D8F282}.Debug|x64.Build.0 = Debug|x64
		{82767AB2-F001-4E84-A8F8-E81E15D8F282}.Debug|x86.ActiveCfg = Debug|Win32
		{82767AB2-F001-4E84-A8F8-E81E15D8F282}.Debug|x86.Build.0 = Debug|Win32
		{82767AB2-F001-4E84-A8F8-E81E15D8F282}.Release|x64.ActiveCfg = Release|x64
		{82767AB2-F001-4E84-A8F8-E81E15D8F282}.Release|x64.Build.0 = Release|x64
		{82767AB2-F001-4E84-A8F8-E81E15D8F282}.Release|x86.ActiveCfg = Release|Win32
		{82767AB2-F001-4E84-A8F8-E81E15D8F282}.Release|x86.Build.0 = Release|Win32
		{74D87A50-1450-4E3F-8703-65E1AB6627F4}.Debug|x64.ActiveCfg = Debug|x64
		{74D87A50-1450-4E3F-8703-65E1AB6627F4}.Debug|x64.Build.0 = Debug|x64
		{74D87A50-1450-4E3F-8703-65E1AB6627F4}.Debug|x86.ActiveCfg = Debug|Win32
		{74D87A50-1450-4E3F-8703-65E1AB6627F4}.Debug|x86.Build.0 = Debug|Win32
		{74D87A50-1450-4E3F-8703-65E1AB6627F4}.Release|x64.ActiveCfg = Release|x64
		{74D87A50-1450-4E3F-8703-65E1AB6627F4}.Release|x64.Build.0 = Release|x64
		{74D87A50-1450-4E3F-8703-65E1AB6627F4}.Release|x86.ActiveCfg = Release|Win32
		{74D87A50-1450-4E3F-8703-65E1AB6627F4}.Release|x86.Build.0 = Release|Win32
		{C8AF9897-C382-47F9-ADCA-63689AFD3964}.Debug|x64.ActiveCfg = Debug|x64
		{C8AF9897-C382-47F9-ADCA-63689AFD3964}.Debug|x64.Build.0 = Debug|x64
		{C8AF9897-C382-47F9-ADCA-63689AFD3964}.Debug|x86.ActiveCfg = Debug|Win32
		{C8AF9897-C382-47F9-ADCA-63689AFD3964}.Debug|x86.Build.0 = Debug|Win32
		{C8AF9897-C382-47F9-ADCA-63689AFD3964}.Release|x64.ActiveCfg = Release|x64
		{C8AF9897-C382-47F9-ADCA-63689AFD3964}.Release|x64.Build.0 = Release|x64
		{C8AF9897-C382-47F9-ADCA-63689AFD3964}.Release|x86.ActiveCfg = Release|Win32
		{C8AF9897-C382-47F9-ADCA-63689AFD3964}.Release|x86.Build.0 = Release|Win32
		{6576AA5C-B470-4828-BE0B-0A5C70F252BF}.Debug|x64.ActiveCfg = Debug|x64
		{6576AA5C-B470-4828-BE0B-0A5C70F252BF}.Debug|x64.Build.0 = Debug|x64
		{6576AA5C-B470-4828-BE0B-0A5C70F252BF}.Debug|x86.ActiveCfg = Debug|Win32
		{6576AA5C-B470-4828-BE0B-0A5C70F252BF}.Debug|x86.Build.0 = Debug|Win32
		{6576AA5C-B470-4828-BE0B-0A5C70F252BF}.Release|x64.ActiveCfg = Release|x64
		{6576AA5C-B470-4828-BE0B-0A5C70F252BF}.Release|x64.Build.0 = Release|x64
		{6576AA5C-B470-4828-BE0B-0A5C70F252BF}.Release|x86.ActiveCfg = Release|Win32
		{6576AA5C-B470-4828-BE0B-0A5C70F252BF}.Release|x86.Build.0 = Release|Win32
		{5313886A-A744-4A20-A7E1-59FCE30BC846}.Debug|x64.ActiveCfg = Debug|x64
		{5313886A-A744-4A20-A7E1-59FCE30BC846}.Debug|x64.Build.0 = Debug|x64
		{5313886A-A744-4A20-A7E1-59FCE30BC846}.Debug|x86.ActiveCfg = Debug|Win32
		{5313886A-A744-4A20-A7E1-59FCE30BC846}.Debug|x86.Build.0 = Debug|Win32
		{5313886A-A744-4A20-A7E1-59FCE30BC846}.Release|x64.ActiveCfg = Release|x64
		{5313886A-A744-4A20-A7E1-59FCE30BC846}.Release|x64.Build.0 = Release|x64
		{5313886A-A744-4A20-A7E1-59FCE30BC846}.Release|x86.ActiveCfg = Release|Win32
		{5313886A-A744-4A20-A7E1-59FCE30BC846}.Release|x86.Build.0 = Release|Win32
		{4631496B-EC5B-472E-866A-12D69C50BFCA}.Debug|x64.ActiveCfg = Debug|x64
		{4631496B-EC5B-472E-866A-12D69C50BFCA}.Debug|x64.Build.0 = Debug|x64
		{4631496B-EC5B-472E-866A-12D69C50BFCA}.Debug|x86.ActiveCfg = Debug|Win32
		{4631496B-EC5B-472E-866A-12D69C50BFCA}.Debug|x86.Build.0 = Debug|Win32
		{4631496B-EC5B-472E-866A-12D69C50BFCA}.Release|x64.ActiveCfg = Release|x64
		{4631496B-EC5B-472E-866A-12D69C50BFCA}.Release|x64.Build.0 = Release|x64
		{4631496B-EC5B-472E-866A-12D69C50BFCA}.Release|x86.ActiveCfg = Release|Win32
		{4631496B-EC5B-472E-866A-12D69C50BFCA}.Release|x86.Build.0 = Release|Win32
		{98686A5A-49D6-4C4E-B3AE-B431D78A1C22}.Debug|x64.ActiveCfg = Debug|x64
		{98686A5A-49D6-4C4E-B3AE-B431D78A1C22}.Debug|x64.Build.0 = Debug|x64
		{98686A5A-49D6-4C4E-B3AE-B431D78A1C22}.Debug|x86.ActiveCfg = Debug|Win32
		{98686A5A-49D6-4C4E-B3AE-B431D78A1C22}.Debug|x86.Build.0 = Debug|Win32
		{98686A5A-49D6-4C4E-B3AE-B431D78A1C22}.Release|x64.ActiveCfg = Release|x64
		{98686A5A-49D6-4C4E-B3AE-B431D78A1C22}.Release|x64.Build.0 = Release|x64
		{98686A5A-49D6-4C4E-B3AE-B431D78A1C22}.Release|x86.ActiveCfg = Release|Win32
		{98686A5A-49D6-4C4E-B3AE-B431D78A1C22}.Release|x86.Build.0 = Release|Win32
		{877C680A-488A-4B66-BDE0-6B322B556105}.Debug|x64.ActiveCfg = Debug|x64
		{877C680A-488A-4B66-BDE0-6B322B556105}.Debug|x64.Build.0 = Debug|x64
		{877C680A-488A-4B66-BDE0-6B322B556105}.Debug|x86.ActiveCfg = Debug|Win32
		{877C680A-488A-4B66-BDE0-6B322B556105}.Debug|x86.Build.0 = Debug|Win32
		{877C680A-488A-4B66-BDE0-6B322B556105}.Release|x64.ActiveCfg = Release|x64
		{877C680A-488A-4B66-BDE0-6B322B556105}.Release|x64.Build.0 = Release|x64
		{877C680A-488A-4B66-BDE0-6B322B556105}.Release|x86.ActiveCfg = Release|Win32
		{877C680A-488A-4B66-BDE0-6B322B556105}.Release|x86.Build.0 = Release|Win32
		{EE714C3D-6113-48D7-B26A-440C86E1583D}.Debug|x64.ActiveCfg = Debug|x64
		{EE714C3D-6113-48D7-B26A-440C86E1583D}.Debug|x64.Build.0 = Debug|x64
		{EE714C3D-6113-48D7-B26A-440C86E1583D}.Debug|x86.ActiveCfg = Debug|Win32
		{EE714C3D-6113-48D7-B26A-440C86E1583D}.Debug|x86.Build.0 = Debug|Win32
		{EE714C3D-6113-48D7-B26A-440C86E1583D}.Release|x64.ActiveCfg = Release|x64
		{EE714C3D-6113-48D7-B26A-440C86E1583D}.Release|x64.Build.0 = Release|x64
		{EE714C3D-6113-48D7-B26A-440C86E1583D}.Release|x86.ActiveCfg = Release|Win32
		{EE714C3D-6113-48D7-B26A-440C86E1583D}.Release|x86.Build.0 = Release|Win32
		{F099EDAD-5CA1-44E4-AC50-EF9BC439699B}.Debug|x64.ActiveCfg = Debug|x64
		{F099EDAD-5CA1-44E4-AC50-EF9BC439699B}.Debug|x64.Build.0 = Debug|x64
		{F099EDAD-5CA1-44E4-AC50-EF9BC439699B}.Debug|x86.ActiveCfg = Debug|Win32
		{F099EDAD-5CA1-44E4-AC50-EF9BC439699B}.Debug|x86.Build.0 = Debug|Win32
		{F099EDAD-5CA1-44E4-AC50-EF9BC439699B}.Release|x64.ActiveCfg = Release|x64
		{F099EDAD-5CA1-44E4-AC50-EF9BC439699B}.Release|x64.Build.0 = Release|x64
		{F099EDAD-5CA1-44E4-AC50-EF9BC439699B}.Release|x86.ActiveCfg = Release|Win32
		{F099EDAD-5CA1-44E4-AC50-EF9BC439699B}.Release|x86.Build.0 = Release|Win32
		{BC8EDDD1-7917-4737-9493-2FB2B2EE3810}.Debug|x64.ActiveCfg = Debug|x64
		{BC8EDDD1-7917-4737-9493-2FB2B2EE3810}.Debug|x64.Build.0 = Debug|x64
		{BC8EDDD1-7917-4737-9493-2FB2B2EE3810}.Debug|x86.ActiveCfg = Debug|Win32
		{BC8EDDD1-7917-4737-9493-2FB2B2EE3810}.Debug|x86.Build.0 = Debug|Win32
		{BC8EDDD1-7917-4737-9493-2FB2B2EE3810}.Release|x64.ActiveCfg = Release|x64
		{BC8EDDD1-7917-4737-9493-2FB2B2EE3810}.Release|x64.Build.0 = Release|x64
		{BC8EDDD1-7917-4737-9493-2FB2B2EE3810}.Release|x86.ActiveCfg = Release|Win32
		{BC8EDDD1-7917-4737-9493-2FB2B2EE3810}.Release|x86.Build.0 = Release|Win32
		{2DF5429F-7E8C-48FA-A9FC-FBEF6D1D412F}.Debug|x64.ActiveCfg = Debug|x64
		{2DF5429F-7E8C-48FA-A9FC-FBEF6D1D412F}.Debug|x64.Build.0 = Debug|x64
		{2DF5429F-7E8C-48FA-A9FC-FBEF6D1D412F}.Debug|x86.ActiveCfg = Debug|Win32
		{2DF5429F-7E8C-48FA-A9FC-FBEF6D1D412F}.Debug|x86.Build.0 = Debug|Win32
		{2DF5429F-7E8C-48FA-A9FC-FBEF6D1D412F}.Release|x64.ActiveCfg = Release|x64
		{2DF5429F-7E8C-48FA-A9FC-FBEF6D1D412F}.Release|x64.Build.0 = Release|x64
		{2DF5429F-7E8C-48FA-A9FC-FBEF6D1D412F}.Release|x86.ActiveCfg = Release|Win32
		{2DF5429F-7E8C-48FA-A9FC-FBEF6D1D412F}.Release|x86.Build.0 = Release|Win32
	EndGlobalSection
	GlobalSection(SolutionProperties) = preSolution
		HideSolutionNode = FALSE
	EndGlobalSection
	GlobalSection(ExtensibilityGlobals) = postSolution
		SolutionGuid = {5D8C4C39-8BE0-4653-909F-6CCA77E616F2}
	EndGlobalSection
EndGlobal
